<?xml version="1.0" encoding="utf-8"?>
<Project ToolsVersion="4.0" xmlns="http://schemas.microsoft.com/developer/msbuild/2003">
  <ItemGroup>
    <Filter Include="Source Files">
      <UniqueIdentifier>{4FC737F1-C7A5-4376-A066-2A32D752A2FF}</UniqueIdentifier>
      <Extensions>cpp;cxx;c;def</Extensions>
    </Filter>
    <Filter Include="Header Files">
      <UniqueIdentifier>{93995380-89BD-4b04-88EB-625FBE52EBFB}</UniqueIdentifier>
      <Extensions>h</Extensions>
    </Filter>
    <Filter Include="Form Files">
      <UniqueIdentifier>{99349809-55BA-4b9d-BF79-8FDBB0286EB3}</UniqueIdentifier>
      <Extensions>ui</Extensions>
    </Filter>
    <Filter Include="Resource Files">
      <UniqueIdentifier>{D9D6E242-F8AF-46E4-B9FD-80ECBC20BA3E}</UniqueIdentifier>
      <Extensions>qrc;*</Extensions>
      <ParseFiles>false</ParseFiles>
    </Filter>
    <Filter Include="Generated Files">
      <UniqueIdentifier>{71ED8ED8-ACB9-4CE9-BBE1-E00B30144E11}</UniqueIdentifier>
      <Extensions>moc;h;cpp</Extensions>
      <SourceControlFiles>False</SourceControlFiles>
    </Filter>
    <Filter Include="Generated Files\Debug">
      <UniqueIdentifier>{69f3ff77-00f4-4c9a-aee3-63987a547a54}</UniqueIdentifier>
      <Extensions>cpp;moc</Extensions>
      <SourceControlFiles>False</SourceControlFiles>
    </Filter>
    <Filter Include="Generated Files\Release">
      <UniqueIdentifier>{3312b8d3-b97b-4758-9f09-d4b9dbfb9a49}</UniqueIdentifier>
      <Extensions>cpp;moc</Extensions>
      <SourceControlFiles>False</SourceControlFiles>
    </Filter>
    <Filter Include="gauges">
      <UniqueIdentifier>{cb7c6805-5b57-4775-99cc-5e1a93b27238}</UniqueIdentifier>
    </Filter>
    <Filter Include="utilities">
      <UniqueIdentifier>{6e1e7f13-2707-4dcc-b89f-905889444e4e}</UniqueIdentifier>
    </Filter>
  </ItemGroup>
  <ItemGroup>
    <ClCompile Include="main.cpp">
      <Filter>Source Files</Filter>
    </ClCompile>
    <ClCompile Include="zenom.cpp">
      <Filter>Source Files</Filter>
    </ClCompile>
    <ClCompile Include="GeneratedFiles\Debug\moc_zenom.cpp">
      <Filter>Generated Files\Debug</Filter>
    </ClCompile>
    <ClCompile Include="GeneratedFiles\Release\moc_zenom.cpp">
      <Filter>Generated Files\Release</Filter>
    </ClCompile>
    <ClCompile Include="GeneratedFiles\qrc_zenom.cpp">
      <Filter>Generated Files</Filter>
    </ClCompile>
    <ClCompile Include="GeneratedFiles\Debug\moc_logvariableswidget.cpp">
      <Filter>Generated Files\Debug</Filter>
    </ClCompile>
    <ClCompile Include="GeneratedFiles\Release\moc_logvariableswidget.cpp">
      <Filter>Generated Files\Release</Filter>
    </ClCompile>
    <ClCompile Include="controlvariableswidget.cpp">
      <Filter>Source Files</Filter>
    </ClCompile>
    <ClCompile Include="GeneratedFiles\Debug\moc_controlvariableswidget.cpp">
      <Filter>Generated Files\Debug</Filter>
    </ClCompile>
    <ClCompile Include="GeneratedFiles\Release\moc_controlvariableswidget.cpp">
      <Filter>Generated Files\Release</Filter>
    </ClCompile>
    <ClCompile Include="outputwidget.cpp">
      <Filter>Source Files</Filter>
    </ClCompile>
    <ClCompile Include="GeneratedFiles\Debug\moc_outputwidget.cpp">
      <Filter>Generated Files\Debug</Filter>
    </ClCompile>
    <ClCompile Include="GeneratedFiles\Release\moc_outputwidget.cpp">
      <Filter>Generated Files\Release</Filter>
    </ClCompile>
    <ClCompile Include="codewidget.cpp">
      <Filter>Source Files</Filter>
    </ClCompile>
    <ClCompile Include="HeapXn.cpp">
      <Filter>Source Files</Filter>
    </ClCompile>
    <ClCompile Include="Variable.cpp">
      <Filter>Source Files</Filter>
    </ClCompile>
    <ClCompile Include="LogVariable.cpp">
      <Filter>Source Files</Filter>
    </ClCompile>
    <ClCompile Include="datarepository.cpp">
      <Filter>Source Files</Filter>
    </ClCompile>
    <ClCompile Include="ControlVariable.cpp">
      <Filter>Source Files</Filter>
    </ClCompile>
    <ClCompile Include="newprojectdialog.cpp">
      <Filter>Source Files</Filter>
    </ClCompile>
    <ClCompile Include="GeneratedFiles\Debug\moc_newprojectdialog.cpp">
      <Filter>Generated Files\Debug</Filter>
    </ClCompile>
    <ClCompile Include="GeneratedFiles\Release\moc_newprojectdialog.cpp">
      <Filter>Generated Files\Release</Filter>
    </ClCompile>
    <ClCompile Include="GeneratedFiles\Debug\moc_codewidget.cpp">
      <Filter>Generated Files\Debug</Filter>
    </ClCompile>
    <ClCompile Include="GeneratedFiles\Release\moc_codewidget.cpp">
      <Filter>Generated Files\Release</Filter>
    </ClCompile>
    <ClCompile Include="GeneratedFiles\Debug\moc_gaugelistdialog.cpp">
      <Filter>Generated Files\Debug</Filter>
    </ClCompile>
    <ClCompile Include="GeneratedFiles\Release\moc_gaugelistdialog.cpp">
      <Filter>Generated Files\Release</Filter>
    </ClCompile>
    <ClCompile Include="gauges\gaugelistdialog.cpp">
      <Filter>gauges</Filter>
    </ClCompile>
    <ClCompile Include="gauges\gaugewidget.cpp">
      <Filter>gauges</Filter>
    </ClCompile>
    <ClCompile Include="GeneratedFiles\Debug\moc_gaugewidget.cpp">
      <Filter>Generated Files\Debug</Filter>
    </ClCompile>
    <ClCompile Include="GeneratedFiles\Release\moc_gaugewidget.cpp">
      <Filter>Generated Files\Release</Filter>
    </ClCompile>
    <ClCompile Include="gauges\lineargauge.cpp">
      <Filter>gauges</Filter>
    </ClCompile>
    <ClCompile Include="GeneratedFiles\Debug\moc_lineargauge.cpp">
      <Filter>Generated Files\Debug</Filter>
    </ClCompile>
    <ClCompile Include="GeneratedFiles\Release\moc_lineargauge.cpp">
      <Filter>Generated Files\Release</Filter>
    </ClCompile>
    <ClCompile Include="gauges\lineargaugesetting.cpp">
      <Filter>gauges</Filter>
    </ClCompile>
    <ClCompile Include="GeneratedFiles\Debug\moc_lineargaugesetting.cpp">
      <Filter>Generated Files\Debug</Filter>
    </ClCompile>
    <ClCompile Include="GeneratedFiles\Release\moc_lineargaugesetting.cpp">
      <Filter>Generated Files\Release</Filter>
    </ClCompile>
    <ClCompile Include="gauges\numericgauge.cpp">
      <Filter>gauges</Filter>
    </ClCompile>
    <ClCompile Include="GeneratedFiles\Debug\moc_numericgauge.cpp">
      <Filter>Generated Files\Debug</Filter>
    </ClCompile>
    <ClCompile Include="GeneratedFiles\Release\moc_numericgauge.cpp">
      <Filter>Generated Files\Release</Filter>
    </ClCompile>
    <ClCompile Include="gauges\numericgaugesetting.cpp">
      <Filter>gauges</Filter>
    </ClCompile>
    <ClCompile Include="GeneratedFiles\Debug\moc_numericgaugesetting.cpp">
      <Filter>Generated Files\Debug</Filter>
    </ClCompile>
    <ClCompile Include="GeneratedFiles\Release\moc_numericgaugesetting.cpp">
      <Filter>Generated Files\Release</Filter>
    </ClCompile>
    <ClCompile Include="gauges\radialgauge.cpp">
      <Filter>gauges</Filter>
    </ClCompile>
    <ClCompile Include="GeneratedFiles\Debug\moc_radialgauge.cpp">
      <Filter>Generated Files\Debug</Filter>
    </ClCompile>
    <ClCompile Include="GeneratedFiles\Release\moc_radialgauge.cpp">
      <Filter>Generated Files\Release</Filter>
    </ClCompile>
    <ClCompile Include="gauges\radialgaugesetting.cpp">
      <Filter>gauges</Filter>
    </ClCompile>
    <ClCompile Include="GeneratedFiles\Debug\moc_radialgaugesetting.cpp">
      <Filter>Generated Files\Debug</Filter>
    </ClCompile>
    <ClCompile Include="GeneratedFiles\Release\moc_radialgaugesetting.cpp">
      <Filter>Generated Files\Release</Filter>
    </ClCompile>
    <ClCompile Include="gauges\abstractgauge.cpp">
      <Filter>gauges</Filter>
    </ClCompile>
    <ClCompile Include="GeneratedFiles\Debug\moc_abstractgauge.cpp">
      <Filter>Generated Files\Debug</Filter>
    </ClCompile>
    <ClCompile Include="GeneratedFiles\Release\moc_abstractgauge.cpp">
      <Filter>Generated Files\Release</Filter>
    </ClCompile>
    <ClCompile Include="gauges\abstractgaugesetting.cpp">
      <Filter>gauges</Filter>
    </ClCompile>
    <ClCompile Include="GeneratedFiles\Debug\moc_abstractgaugesetting.cpp">
      <Filter>Generated Files\Debug</Filter>
    </ClCompile>
    <ClCompile Include="GeneratedFiles\Release\moc_abstractgaugesetting.cpp">
      <Filter>Generated Files\Release</Filter>
    </ClCompile>
    <ClCompile Include="GeneratedFiles\Debug\moc_gaugemanager.cpp">
      <Filter>Generated Files\Debug</Filter>
    </ClCompile>
    <ClCompile Include="GeneratedFiles\Release\moc_gaugemanager.cpp">
      <Filter>Generated Files\Release</Filter>
    </ClCompile>
    <ClCompile Include="gauges\gaugemanager.cpp">
      <Filter>gauges</Filter>
    </ClCompile>
    <ClCompile Include="utilities\projectcreator.cpp">
      <Filter>utilities</Filter>
    </ClCompile>
    <ClCompile Include="utilities\projectfileinfo.cpp">
      <Filter>utilities</Filter>
    </ClCompile>
    <ClCompile Include="GeneratedFiles\Debug\moc_projectcreator.cpp">
      <Filter>Generated Files\Debug</Filter>
    </ClCompile>
    <ClCompile Include="GeneratedFiles\Release\moc_projectcreator.cpp">
      <Filter>Generated Files\Release</Filter>
    </ClCompile>
    <ClCompile Include="codeeditor\codeeditorwidget.cpp">
      <Filter>Source Files</Filter>
    </ClCompile>
    <ClCompile Include="GeneratedFiles\Debug\moc_codeeditorwidget.cpp">
      <Filter>Generated Files\Debug</Filter>
    </ClCompile>
    <ClCompile Include="GeneratedFiles\Release\moc_codeeditorwidget.cpp">
      <Filter>Generated Files\Release</Filter>
    </ClCompile>
    <ClCompile Include="codeeditor\highlighter.cpp">
      <Filter>Source Files</Filter>
    </ClCompile>
    <ClCompile Include="GeneratedFiles\Debug\moc_highlighter.cpp">
      <Filter>Generated Files\Debug</Filter>
    </ClCompile>
    <ClCompile Include="GeneratedFiles\Release\moc_highlighter.cpp">
      <Filter>Generated Files\Release</Filter>
    </ClCompile>
    <ClCompile Include="codeeditor\codeeditorwindow.cpp">
      <Filter>Source Files</Filter>
    </ClCompile>
    <ClCompile Include="GeneratedFiles\Debug\moc_codeeditorwindow.cpp">
      <Filter>Generated Files\Debug</Filter>
    </ClCompile>
    <ClCompile Include="GeneratedFiles\Release\moc_codeeditorwindow.cpp">
      <Filter>Generated Files\Release</Filter>
    </ClCompile>
    <ClCompile Include="GeneratedFiles\Debug\moc_gaugesettingdialog.cpp">
      <Filter>Generated Files\Debug</Filter>
    </ClCompile>
    <ClCompile Include="GeneratedFiles\Release\moc_gaugesettingdialog.cpp">
      <Filter>Generated Files\Release</Filter>
    </ClCompile>
    <ClCompile Include="gauges\colorscale.cpp">
      <Filter>gauges</Filter>
    </ClCompile>
    <ClCompile Include="gauges\gaugesettingdialog.cpp">
      <Filter>gauges</Filter>
    </ClCompile>
    <ClCompile Include="logvariableswidget.cpp">
      <Filter>Source Files</Filter>
    </ClCompile>
    <ClCompile Include="GeneratedFiles\Debug\moc_logvariabletreewidget.cpp">
      <Filter>Generated Files\Debug</Filter>
    </ClCompile>
    <ClCompile Include="GeneratedFiles\Release\moc_logvariabletreewidget.cpp">
      <Filter>Generated Files\Release</Filter>
    </ClCompile>
    <ClCompile Include="gauges\logvariabletreewidget.cpp">
      <Filter>gauges</Filter>
    </ClCompile>
    <ClCompile Include="gauges\logvariableitem.cpp">
      <Filter>gauges</Filter>
    </ClCompile>
  </ItemGroup>
  <ItemGroup>
    <CustomBuild Include="zenom.h">
      <Filter>Header Files</Filter>
    </CustomBuild>
    <CustomBuild Include="zenom.ui">
      <Filter>Form Files</Filter>
    </CustomBuild>
    <CustomBuild Include="zenom.qrc">
      <Filter>Resource Files</Filter>
    </CustomBuild>
    <CustomBuild Include="logvariableswidget.ui">
      <Filter>Form Files</Filter>
    </CustomBuild>
    <CustomBuild Include="controlvariableswidget.h">
      <Filter>Header Files</Filter>
    </CustomBuild>
    <CustomBuild Include="controlvariableswidget.ui">
      <Filter>Form Files</Filter>
    </CustomBuild>
    <CustomBuild Include="outputwidget.h">
      <Filter>Header Files</Filter>
    </CustomBuild>
    <CustomBuild Include="outputwidget.ui">
      <Filter>Form Files</Filter>
    </CustomBuild>
    <CustomBuild Include="codewidget.ui">
      <Filter>Form Files</Filter>
    </CustomBuild>
    <CustomBuild Include="newprojectdialog.h">
      <Filter>Header Files</Filter>
    </CustomBuild>
    <CustomBuild Include="newprojectdialog.ui">
      <Filter>Form Files</Filter>
    </CustomBuild>
    <CustomBuild Include="codewidget.h">
      <Filter>Header Files</Filter>
    </CustomBuild>
    <CustomBuild Include="gauges\gaugelistdialog.h">
      <Filter>gauges</Filter>
    </CustomBuild>
    <CustomBuild Include="gauges\gaugelistdialog.ui">
      <Filter>gauges</Filter>
    </CustomBuild>
    <CustomBuild Include="gauges\gaugewidget.h">
      <Filter>gauges</Filter>
    </CustomBuild>
    <CustomBuild Include="gauges\gaugewidget.ui">
      <Filter>gauges</Filter>
    </CustomBuild>
    <CustomBuild Include="gauges\lineargauge.h">
      <Filter>gauges</Filter>
    </CustomBuild>
    <CustomBuild Include="gauges\lineargaugesetting.h">
      <Filter>gauges</Filter>
    </CustomBuild>
    <CustomBuild Include="gauges\lineargaugesetting.ui">
      <Filter>gauges</Filter>
    </CustomBuild>
    <CustomBuild Include="gauges\numericgauge.h">
      <Filter>gauges</Filter>
    </CustomBuild>
    <CustomBuild Include="gauges\numericgaugesetting.h">
      <Filter>gauges</Filter>
    </CustomBuild>
    <CustomBuild Include="gauges\numericgaugesetting.ui">
      <Filter>gauges</Filter>
    </CustomBuild>
    <CustomBuild Include="gauges\radialgauge.h">
      <Filter>gauges</Filter>
    </CustomBuild>
    <CustomBuild Include="gauges\radialgaugesetting.h">
      <Filter>gauges</Filter>
    </CustomBuild>
    <CustomBuild Include="gauges\radialgaugesetting.ui">
      <Filter>gauges</Filter>
    </CustomBuild>
    <CustomBuild Include="gauges\abstractgauge.h">
      <Filter>gauges</Filter>
    </CustomBuild>
    <CustomBuild Include="gauges\abstractgaugesetting.h">
      <Filter>gauges</Filter>
    </CustomBuild>
    <CustomBuild Include="gauges\gaugemanager.h">
      <Filter>gauges</Filter>
    </CustomBuild>
    <CustomBuild Include="utilities\projectfileinfo.h">
      <Filter>utilities</Filter>
    </CustomBuild>
    <CustomBuild Include="utilities\projectcreator.h">
      <Filter>utilities</Filter>
    </CustomBuild>
    <CustomBuild Include="codeeditor\codeeditorwidget.h">
      <Filter>Header Files</Filter>
    </CustomBuild>
    <CustomBuild Include="codeeditor\highlighter.h">
      <Filter>Header Files</Filter>
    </CustomBuild>
    <CustomBuild Include="codeeditor\codeeditorwindow.h">
      <Filter>Header Files</Filter>
    </CustomBuild>
    <CustomBuild Include="gauges\gaugesettingdialog.h">
      <Filter>gauges</Filter>
    </CustomBuild>
    <CustomBuild Include="gauges\gaugesettingdialog.ui">
      <Filter>gauges</Filter>
    </CustomBuild>
    <CustomBuild Include="logvariableswidget.h">
      <Filter>Header Files</Filter>
    </CustomBuild>
    <CustomBuild Include="gauges\logvariabletreewidget.h">
      <Filter>gauges</Filter>
    </CustomBuild>
  </ItemGroup>
  <ItemGroup>
    <ClInclude Include="GeneratedFiles\ui_zenom.h">
      <Filter>Generated Files</Filter>
    </ClInclude>
    <ClInclude Include="GeneratedFiles\ui_logvariableswidget.h">
      <Filter>Generated Files</Filter>
    </ClInclude>
    <ClInclude Include="GeneratedFiles\ui_controlvariableswidget.h">
      <Filter>Generated Files</Filter>
    </ClInclude>
    <ClInclude Include="GeneratedFiles\ui_outputwidget.h">
      <Filter>Generated Files</Filter>
    </ClInclude>
    <ClInclude Include="GeneratedFiles\ui_codewidget.h">
      <Filter>Generated Files</Filter>
    </ClInclude>
    <ClInclude Include="HeapXn.h">
      <Filter>Header Files</Filter>
    </ClInclude>
    <ClInclude Include="LogVariable.h">
      <Filter>Header Files</Filter>
    </ClInclude>
    <ClInclude Include="Variable.h">
      <Filter>Header Files</Filter>
    </ClInclude>
    <ClInclude Include="datarepository.h">
      <Filter>Header Files</Filter>
    </ClInclude>
    <ClInclude Include="ControlVariable.h">
      <Filter>Header Files</Filter>
    </ClInclude>
    <ClInclude Include="GeneratedFiles\ui_newprojectdialog.h">
      <Filter>Generated Files</Filter>
    </ClInclude>
    <ClInclude Include="GeneratedFiles\ui_gaugelistdialog.h">
      <Filter>Generated Files</Filter>
    </ClInclude>
    <ClInclude Include="GeneratedFiles\ui_gaugewidget.h">
      <Filter>Generated Files</Filter>
    </ClInclude>
    <ClInclude Include="GeneratedFiles\ui_lineargaugesetting.h">
      <Filter>Generated Files</Filter>
    </ClInclude>
    <ClInclude Include="GeneratedFiles\ui_numericgaugesetting.h">
      <Filter>Generated Files</Filter>
    </ClInclude>
    <ClInclude Include="GeneratedFiles\ui_radialgaugesetting.h">
      <Filter>Generated Files</Filter>
    </ClInclude>
    <ClInclude Include="GeneratedFiles\ui_gaugesettingdialog.h">
      <Filter>Generated Files</Filter>
    </ClInclude>
    <ClInclude Include="gauges\colorscale.h">
      <Filter>gauges</Filter>
    </ClInclude>
    <ClInclude Include="gauges\logvariableitem.h">
      <Filter>gauges</Filter>
    </ClInclude>
  </ItemGroup>
</Project>